// !$*UTF8*$!
{
	archiveVersion = 1;
	classes = {
	};
	objectVersion = 51;
	objects = {

/* Begin PBXBuildFile section */
		31A62858CC80AFF58730B645 /* Pods_EBC_Test.framework in Frameworks */ = {isa = PBXBuildFile; fileRef = 6F8903039573D3EC7D40E04D /* Pods_EBC_Test.framework */; };
		360566572697EDF100E17D39 /* AppDelegate.swift in Sources */ = {isa = PBXBuildFile; fileRef = 360566562697EDF100E17D39 /* AppDelegate.swift */; };
		3605665B2697EDF100E17D39 /* MainViewController.swift in Sources */ = {isa = PBXBuildFile; fileRef = 3605665A2697EDF100E17D39 /* MainViewController.swift */; };
		360566602697EDF700E17D39 /* Assets.xcassets in Resources */ = {isa = PBXBuildFile; fileRef = 3605665F2697EDF700E17D39 /* Assets.xcassets */; };
		360566632697EDF700E17D39 /* LaunchScreen.storyboard in Resources */ = {isa = PBXBuildFile; fileRef = 360566612697EDF700E17D39 /* LaunchScreen.storyboard */; };
		3605666E2697EDF700E17D39 /* EBC_TestTests.swift in Sources */ = {isa = PBXBuildFile; fileRef = 3605666D2697EDF700E17D39 /* EBC_TestTests.swift */; };
		360566792697EDF700E17D39 /* EBC_TestUITests.swift in Sources */ = {isa = PBXBuildFile; fileRef = 360566782697EDF700E17D39 /* EBC_TestUITests.swift */; };
		360566982698031C00E17D39 /* Observable.swift in Sources */ = {isa = PBXBuildFile; fileRef = 360566972698031C00E17D39 /* Observable.swift */; };
		360566A42698158300E17D39 /* MusicItunes.swift in Sources */ = {isa = PBXBuildFile; fileRef = 360566A32698158300E17D39 /* MusicItunes.swift */; };
		360566AD2698187D00E17D39 /* APIManager.swift in Sources */ = {isa = PBXBuildFile; fileRef = 360566AC2698187D00E17D39 /* APIManager.swift */; };
		360566B7269820A600E17D39 /* Declarative.swift in Sources */ = {isa = PBXBuildFile; fileRef = 360566B6269820A600E17D39 /* Declarative.swift */; };
		360566C82698239800E17D39 /* UICollectionView + Extension.swift in Sources */ = {isa = PBXBuildFile; fileRef = 360566C72698239800E17D39 /* UICollectionView + Extension.swift */; };
		36B07F5C269BD35F00F2FB66 /* UIViewController + Extension.swift in Sources */ = {isa = PBXBuildFile; fileRef = 36B07F5B269BD35F00F2FB66 /* UIViewController + Extension.swift */; };
		36CAC4672698371D00919123 /* MusicCell.swift in Sources */ = {isa = PBXBuildFile; fileRef = 36CAC4662698371D00919123 /* MusicCell.swift */; };
		36CAC4712699C50000919123 /* ItunesEndPoint.swift in Sources */ = {isa = PBXBuildFile; fileRef = 36CAC4702699C50000919123 /* ItunesEndPoint.swift */; };
		36CAC47F2699C63700919123 /* Configurations.swift in Sources */ = {isa = PBXBuildFile; fileRef = 36CAC47E2699C63700919123 /* Configurations.swift */; };
		36CAC4962699CA5600919123 /* MusicListViewModel.swift in Sources */ = {isa = PBXBuildFile; fileRef = 36CAC4952699CA5600919123 /* MusicListViewModel.swift */; };
		36CAC4C4269ACCB300919123 /* ItunesService.swift in Sources */ = {isa = PBXBuildFile; fileRef = 36CAC4C3269ACCB300919123 /* ItunesService.swift */; };
		36CAC4CC269ACD4C00919123 /* MusicListController.swift in Sources */ = {isa = PBXBuildFile; fileRef = 36CAC4CB269ACD4C00919123 /* MusicListController.swift */; };
		36CAC4E1269BCAE400919123 /* MusicListControllerSpec.swift in Sources */ = {isa = PBXBuildFile; fileRef = 36CAC4E0269BCAE400919123 /* MusicListControllerSpec.swift */; };
		36CAC4E6269BCC4C00919123 /* MockItunesService.swift in Sources */ = {isa = PBXBuildFile; fileRef = 36CAC4E5269BCC4C00919123 /* MockItunesService.swift */; };
		4E8B067EA967E1A2D3C4AEC6 /* Pods_EBC_Test_EBC_TestUITests.framework in Frameworks */ = {isa = PBXBuildFile; fileRef = BFF4868AD100B0A6B5689651 /* Pods_EBC_Test_EBC_TestUITests.framework */; };
		865FFAA94A71397726CB4863 /* Pods_EBC_TestTests.framework in Frameworks */ = {isa = PBXBuildFile; fileRef = DB70BD6CE0CE7CEB2EA5AE3A /* Pods_EBC_TestTests.framework */; };
/* End PBXBuildFile section */

/* Begin PBXContainerItemProxy section */
		3605666A2697EDF700E17D39 /* PBXContainerItemProxy */ = {
			isa = PBXContainerItemProxy;
			containerPortal = 3605664B2697EDF100E17D39 /* Project object */;
			proxyType = 1;
			remoteGlobalIDString = 360566522697EDF100E17D39;
			remoteInfo = EBC_Test;
		};
		360566752697EDF700E17D39 /* PBXContainerItemProxy */ = {
			isa = PBXContainerItemProxy;
			containerPortal = 3605664B2697EDF100E17D39 /* Project object */;
			proxyType = 1;
			remoteGlobalIDString = 360566522697EDF100E17D39;
			remoteInfo = EBC_Test;
		};
/* End PBXContainerItemProxy section */

/* Begin PBXFileReference section */
		360566532697EDF100E17D39 /* EBC_Test.app */ = {isa = PBXFileReference; explicitFileType = wrapper.application; includeInIndex = 0; path = EBC_Test.app; sourceTree = BUILT_PRODUCTS_DIR; };
		360566562697EDF100E17D39 /* AppDelegate.swift */ = {isa = PBXFileReference; lastKnownFileType = sourcecode.swift; path = AppDelegate.swift; sourceTree = "<group>"; };
		3605665A2697EDF100E17D39 /* MainViewController.swift */ = {isa = PBXFileReference; lastKnownFileType = sourcecode.swift; path = MainViewController.swift; sourceTree = "<group>"; };
		3605665F2697EDF700E17D39 /* Assets.xcassets */ = {isa = PBXFileReference; lastKnownFileType = folder.assetcatalog; path = Assets.xcassets; sourceTree = "<group>"; };
		360566622697EDF700E17D39 /* Base */ = {isa = PBXFileReference; lastKnownFileType = file.storyboard; name = Base; path = Base.lproj/LaunchScreen.storyboard; sourceTree = "<group>"; };
		360566642697EDF700E17D39 /* Info.plist */ = {isa = PBXFileReference; lastKnownFileType = text.plist.xml; path = Info.plist; sourceTree = "<group>"; };
		360566692697EDF700E17D39 /* EBC_TestTests.xctest */ = {isa = PBXFileReference; explicitFileType = wrapper.cfbundle; includeInIndex = 0; path = EBC_TestTests.xctest; sourceTree = BUILT_PRODUCTS_DIR; };
		3605666D2697EDF700E17D39 /* EBC_TestTests.swift */ = {isa = PBXFileReference; lastKnownFileType = sourcecode.swift; path = EBC_TestTests.swift; sourceTree = "<group>"; };
		3605666F2697EDF700E17D39 /* Info.plist */ = {isa = PBXFileReference; lastKnownFileType = text.plist.xml; path = Info.plist; sourceTree = "<group>"; };
		360566742697EDF700E17D39 /* EBC_TestUITests.xctest */ = {isa = PBXFileReference; explicitFileType = wrapper.cfbundle; includeInIndex = 0; path = EBC_TestUITests.xctest; sourceTree = BUILT_PRODUCTS_DIR; };
		360566782697EDF700E17D39 /* EBC_TestUITests.swift */ = {isa = PBXFileReference; lastKnownFileType = sourcecode.swift; path = EBC_TestUITests.swift; sourceTree = "<group>"; };
		3605667A2697EDF700E17D39 /* Info.plist */ = {isa = PBXFileReference; lastKnownFileType = text.plist.xml; path = Info.plist; sourceTree = "<group>"; };
		360566972698031C00E17D39 /* Observable.swift */ = {isa = PBXFileReference; lastKnownFileType = sourcecode.swift; path = Observable.swift; sourceTree = "<group>"; };
		360566A32698158300E17D39 /* MusicItunes.swift */ = {isa = PBXFileReference; lastKnownFileType = sourcecode.swift; path = MusicItunes.swift; sourceTree = "<group>"; };
		360566AC2698187D00E17D39 /* APIManager.swift */ = {isa = PBXFileReference; lastKnownFileType = sourcecode.swift; path = APIManager.swift; sourceTree = "<group>"; };
		360566B6269820A600E17D39 /* Declarative.swift */ = {isa = PBXFileReference; lastKnownFileType = sourcecode.swift; path = Declarative.swift; sourceTree = "<group>"; };
		360566C72698239800E17D39 /* UICollectionView + Extension.swift */ = {isa = PBXFileReference; lastKnownFileType = sourcecode.swift; path = "UICollectionView + Extension.swift"; sourceTree = "<group>"; };
		36B07F5B269BD35F00F2FB66 /* UIViewController + Extension.swift */ = {isa = PBXFileReference; lastKnownFileType = sourcecode.swift; path = "UIViewController + Extension.swift"; sourceTree = "<group>"; };
		36CAC4662698371D00919123 /* MusicCell.swift */ = {isa = PBXFileReference; lastKnownFileType = sourcecode.swift; path = MusicCell.swift; sourceTree = "<group>"; };
		36CAC4702699C50000919123 /* ItunesEndPoint.swift */ = {isa = PBXFileReference; lastKnownFileType = sourcecode.swift; path = ItunesEndPoint.swift; sourceTree = "<group>"; };
		36CAC47E2699C63700919123 /* Configurations.swift */ = {isa = PBXFileReference; lastKnownFileType = sourcecode.swift; path = Configurations.swift; sourceTree = "<group>"; };
		36CAC4952699CA5600919123 /* MusicListViewModel.swift */ = {isa = PBXFileReference; lastKnownFileType = sourcecode.swift; path = MusicListViewModel.swift; sourceTree = "<group>"; };
		36CAC4C3269ACCB300919123 /* ItunesService.swift */ = {isa = PBXFileReference; lastKnownFileType = sourcecode.swift; path = ItunesService.swift; sourceTree = "<group>"; };
		36CAC4CB269ACD4C00919123 /* MusicListController.swift */ = {isa = PBXFileReference; lastKnownFileType = sourcecode.swift; path = MusicListController.swift; sourceTree = "<group>"; };
		36CAC4E0269BCAE400919123 /* MusicListControllerSpec.swift */ = {isa = PBXFileReference; lastKnownFileType = sourcecode.swift; path = MusicListControllerSpec.swift; sourceTree = "<group>"; };
		36CAC4E5269BCC4C00919123 /* MockItunesService.swift */ = {isa = PBXFileReference; lastKnownFileType = sourcecode.swift; path = MockItunesService.swift; sourceTree = "<group>"; };
		6F8903039573D3EC7D40E04D /* Pods_EBC_Test.framework */ = {isa = PBXFileReference; explicitFileType = wrapper.framework; includeInIndex = 0; path = Pods_EBC_Test.framework; sourceTree = BUILT_PRODUCTS_DIR; };
		9037BD2D8B619AE9115E232D /* Pods-EBC_TestTests.debug.xcconfig */ = {isa = PBXFileReference; includeInIndex = 1; lastKnownFileType = text.xcconfig; name = "Pods-EBC_TestTests.debug.xcconfig"; path = "Target Support Files/Pods-EBC_TestTests/Pods-EBC_TestTests.debug.xcconfig"; sourceTree = "<group>"; };
		9154634878F249A2489333F7 /* Pods-EBC_Test.debug.xcconfig */ = {isa = PBXFileReference; includeInIndex = 1; lastKnownFileType = text.xcconfig; name = "Pods-EBC_Test.debug.xcconfig"; path = "Target Support Files/Pods-EBC_Test/Pods-EBC_Test.debug.xcconfig"; sourceTree = "<group>"; };
		BFF4868AD100B0A6B5689651 /* Pods_EBC_Test_EBC_TestUITests.framework */ = {isa = PBXFileReference; explicitFileType = wrapper.framework; includeInIndex = 0; path = Pods_EBC_Test_EBC_TestUITests.framework; sourceTree = BUILT_PRODUCTS_DIR; };
		CE5BC025A619F599805FD12D /* Pods-EBC_Test-EBC_TestUITests.debug.xcconfig */ = {isa = PBXFileReference; includeInIndex = 1; lastKnownFileType = text.xcconfig; name = "Pods-EBC_Test-EBC_TestUITests.debug.xcconfig"; path = "Target Support Files/Pods-EBC_Test-EBC_TestUITests/Pods-EBC_Test-EBC_TestUITests.debug.xcconfig"; sourceTree = "<group>"; };
		DB70BD6CE0CE7CEB2EA5AE3A /* Pods_EBC_TestTests.framework */ = {isa = PBXFileReference; explicitFileType = wrapper.framework; includeInIndex = 0; path = Pods_EBC_TestTests.framework; sourceTree = BUILT_PRODUCTS_DIR; };
		DFF1C20754D1BBD0D4AAB69E /* Pods-EBC_Test.release.xcconfig */ = {isa = PBXFileReference; includeInIndex = 1; lastKnownFileType = text.xcconfig; name = "Pods-EBC_Test.release.xcconfig"; path = "Target Support Files/Pods-EBC_Test/Pods-EBC_Test.release.xcconfig"; sourceTree = "<group>"; };
		E8BF53DB5FF01AE305ADCD34 /* Pods-EBC_Test-EBC_TestUITests.release.xcconfig */ = {isa = PBXFileReference; includeInIndex = 1; lastKnownFileType = text.xcconfig; name = "Pods-EBC_Test-EBC_TestUITests.release.xcconfig"; path = "Target Support Files/Pods-EBC_Test-EBC_TestUITests/Pods-EBC_Test-EBC_TestUITests.release.xcconfig"; sourceTree = "<group>"; };
		E992944C13CEBEAFA661761B /* Pods-EBC_TestTests.release.xcconfig */ = {isa = PBXFileReference; includeInIndex = 1; lastKnownFileType = text.xcconfig; name = "Pods-EBC_TestTests.release.xcconfig"; path = "Target Support Files/Pods-EBC_TestTests/Pods-EBC_TestTests.release.xcconfig"; sourceTree = "<group>"; };
/* End PBXFileReference section */

/* Begin PBXFrameworksBuildPhase section */
		360566502697EDF100E17D39 /* Frameworks */ = {
			isa = PBXFrameworksBuildPhase;
			buildActionMask = 2147483647;
			files = (
				31A62858CC80AFF58730B645 /* Pods_EBC_Test.framework in Frameworks */,
			);
			runOnlyForDeploymentPostprocessing = 0;
		};
		360566662697EDF700E17D39 /* Frameworks */ = {
			isa = PBXFrameworksBuildPhase;
			buildActionMask = 2147483647;
			files = (
				865FFAA94A71397726CB4863 /* Pods_EBC_TestTests.framework in Frameworks */,
			);
			runOnlyForDeploymentPostprocessing = 0;
		};
		360566712697EDF700E17D39 /* Frameworks */ = {
			isa = PBXFrameworksBuildPhase;
			buildActionMask = 2147483647;
			files = (
				4E8B067EA967E1A2D3C4AEC6 /* Pods_EBC_Test_EBC_TestUITests.framework in Frameworks */,
			);
			runOnlyForDeploymentPostprocessing = 0;
		};
/* End PBXFrameworksBuildPhase section */

/* Begin PBXGroup section */
		247A112FA6DEFDA5BB81FB84 /* Frameworks */ = {
			isa = PBXGroup;
			children = (
				6F8903039573D3EC7D40E04D /* Pods_EBC_Test.framework */,
				BFF4868AD100B0A6B5689651 /* Pods_EBC_Test_EBC_TestUITests.framework */,
				DB70BD6CE0CE7CEB2EA5AE3A /* Pods_EBC_TestTests.framework */,
			);
			name = Frameworks;
			sourceTree = "<group>";
		};
		3605664A2697EDF100E17D39 = {
			isa = PBXGroup;
			children = (
				360566552697EDF100E17D39 /* EBC_Test */,
				3605666C2697EDF700E17D39 /* EBC_TestTests */,
				360566772697EDF700E17D39 /* EBC_TestUITests */,
				360566542697EDF100E17D39 /* Products */,
				DA4FB08AF2A94B611DAFE7C0 /* Pods */,
				247A112FA6DEFDA5BB81FB84 /* Frameworks */,
			);
			sourceTree = "<group>";
		};
		360566542697EDF100E17D39 /* Products */ = {
			isa = PBXGroup;
			children = (
				360566532697EDF100E17D39 /* EBC_Test.app */,
				360566692697EDF700E17D39 /* EBC_TestTests.xctest */,
				360566742697EDF700E17D39 /* EBC_TestUITests.xctest */,
			);
			name = Products;
			sourceTree = "<group>";
		};
		360566552697EDF100E17D39 /* EBC_Test */ = {
			isa = PBXGroup;
			children = (
				360566562697EDF100E17D39 /* AppDelegate.swift */,
				360566AB2698185000E17D39 /* Managers */,
				360566A22698156900E17D39 /* Models */,
				36CAC4652698370100919123 /* Views */,
				36CAC4B02699CFC100919123 /* ViewControllers */,
				36CAC46F2699C31A00919123 /* ViewModel */,
				36CAC4C2269ACC9C00919123 /* Service */,
				360566C62698238600E17D39 /* Extensions */,
				36CAC46E2699C30700919123 /* PropertyWrapper */,
				360566B6269820A600E17D39 /* Declarative.swift */,
				36CAC47E2699C63700919123 /* Configurations.swift */,
				3605665F2697EDF700E17D39 /* Assets.xcassets */,
				360566612697EDF700E17D39 /* LaunchScreen.storyboard */,
				360566642697EDF700E17D39 /* Info.plist */,
			);
			path = EBC_Test;
			sourceTree = "<group>";
		};
		3605666C2697EDF700E17D39 /* EBC_TestTests */ = {
			isa = PBXGroup;
			children = (
				3605666D2697EDF700E17D39 /* EBC_TestTests.swift */,
				36CAC4E5269BCC4C00919123 /* MockItunesService.swift */,
				36CAC4E0269BCAE400919123 /* MusicListControllerSpec.swift */,
				3605666F2697EDF700E17D39 /* Info.plist */,
			);
			path = EBC_TestTests;
			sourceTree = "<group>";
		};
		360566772697EDF700E17D39 /* EBC_TestUITests */ = {
			isa = PBXGroup;
			children = (
				360566782697EDF700E17D39 /* EBC_TestUITests.swift */,
				3605667A2697EDF700E17D39 /* Info.plist */,
			);
			path = EBC_TestUITests;
			sourceTree = "<group>";
		};
		360566A22698156900E17D39 /* Models */ = {
			isa = PBXGroup;
			children = (
				36CAC4702699C50000919123 /* ItunesEndPoint.swift */,
				360566A32698158300E17D39 /* MusicItunes.swift */,
			);
			path = Models;
			sourceTree = "<group>";
		};
		360566AB2698185000E17D39 /* Managers */ = {
			isa = PBXGroup;
			children = (
				360566AC2698187D00E17D39 /* APIManager.swift */,
			);
			path = Managers;
			sourceTree = "<group>";
		};
		360566C62698238600E17D39 /* Extensions */ = {
			isa = PBXGroup;
			children = (
				36B07F5B269BD35F00F2FB66 /* UIViewController + Extension.swift */,
				360566C72698239800E17D39 /* UICollectionView + Extension.swift */,
			);
			path = Extensions;
			sourceTree = "<group>";
		};
		36CAC4652698370100919123 /* Views */ = {
			isa = PBXGroup;
			children = (
				36CAC4662698371D00919123 /* MusicCell.swift */,
			);
			path = Views;
			sourceTree = "<group>";
		};
		36CAC46E2699C30700919123 /* PropertyWrapper */ = {
			isa = PBXGroup;
			children = (
				360566972698031C00E17D39 /* Observable.swift */,
			);
			path = PropertyWrapper;
			sourceTree = "<group>";
		};
		36CAC46F2699C31A00919123 /* ViewModel */ = {
			isa = PBXGroup;
			children = (
				36CAC4CB269ACD4C00919123 /* MusicListController.swift */,
				36CAC4952699CA5600919123 /* MusicListViewModel.swift */,
			);
			path = ViewModel;
			sourceTree = "<group>";
		};
		36CAC4B02699CFC100919123 /* ViewControllers */ = {
			isa = PBXGroup;
			children = (
				3605665A2697EDF100E17D39 /* MainViewController.swift */,
			);
			path = ViewControllers;
			sourceTree = "<group>";
		};
		36CAC4C2269ACC9C00919123 /* Service */ = {
			isa = PBXGroup;
			children = (
				36CAC4C3269ACCB300919123 /* ItunesService.swift */,
			);
			path = Service;
			sourceTree = "<group>";
		};
		DA4FB08AF2A94B611DAFE7C0 /* Pods */ = {
			isa = PBXGroup;
			children = (
				9154634878F249A2489333F7 /* Pods-EBC_Test.debug.xcconfig */,
				DFF1C20754D1BBD0D4AAB69E /* Pods-EBC_Test.release.xcconfig */,
				CE5BC025A619F599805FD12D /* Pods-EBC_Test-EBC_TestUITests.debug.xcconfig */,
				E8BF53DB5FF01AE305ADCD34 /* Pods-EBC_Test-EBC_TestUITests.release.xcconfig */,
				9037BD2D8B619AE9115E232D /* Pods-EBC_TestTests.debug.xcconfig */,
				E992944C13CEBEAFA661761B /* Pods-EBC_TestTests.release.xcconfig */,
			);
			path = Pods;
			sourceTree = "<group>";
		};
/* End PBXGroup section */

/* Begin PBXNativeTarget section */
		360566522697EDF100E17D39 /* EBC_Test */ = {
			isa = PBXNativeTarget;
			buildConfigurationList = 3605667D2697EDF700E17D39 /* Build configuration list for PBXNativeTarget "EBC_Test" */;
			buildPhases = (
				56F6EC51DE6AE055F9BA7638 /* [CP] Check Pods Manifest.lock */,
				3605664F2697EDF100E17D39 /* Sources */,
				360566502697EDF100E17D39 /* Frameworks */,
				360566512697EDF100E17D39 /* Resources */,
				E10B464D1916A106081945F6 /* [CP] Embed Pods Frameworks */,
			);
			buildRules = (
			);
			dependencies = (
			);
			name = EBC_Test;
			productName = EBC_Test;
			productReference = 360566532697EDF100E17D39 /* EBC_Test.app */;
			productType = "com.apple.product-type.application";
		};
		360566682697EDF700E17D39 /* EBC_TestTests */ = {
			isa = PBXNativeTarget;
			buildConfigurationList = 360566802697EDF700E17D39 /* Build configuration list for PBXNativeTarget "EBC_TestTests" */;
			buildPhases = (
				03BDE01D26955C01C15486E0 /* [CP] Check Pods Manifest.lock */,
				360566652697EDF700E17D39 /* Sources */,
				360566662697EDF700E17D39 /* Frameworks */,
				360566672697EDF700E17D39 /* Resources */,
			);
			buildRules = (
			);
			dependencies = (
				3605666B2697EDF700E17D39 /* PBXTargetDependency */,
			);
			name = EBC_TestTests;
			productName = EBC_TestTests;
			productReference = 360566692697EDF700E17D39 /* EBC_TestTests.xctest */;
			productType = "com.apple.product-type.bundle.unit-test";
		};
		360566732697EDF700E17D39 /* EBC_TestUITests */ = {
			isa = PBXNativeTarget;
			buildConfigurationList = 360566832697EDF700E17D39 /* Build configuration list for PBXNativeTarget "EBC_TestUITests" */;
			buildPhases = (
				37643D7C7C6EAE6E552C667B /* [CP] Check Pods Manifest.lock */,
				360566702697EDF700E17D39 /* Sources */,
				360566712697EDF700E17D39 /* Frameworks */,
				360566722697EDF700E17D39 /* Resources */,
				1A3C06AEF050AA2278B6609C /* [CP] Embed Pods Frameworks */,
			);
			buildRules = (
			);
			dependencies = (
				360566762697EDF700E17D39 /* PBXTargetDependency */,
			);
			name = EBC_TestUITests;
			productName = EBC_TestUITests;
			productReference = 360566742697EDF700E17D39 /* EBC_TestUITests.xctest */;
			productType = "com.apple.product-type.bundle.ui-testing";
		};
/* End PBXNativeTarget section */

/* Begin PBXProject section */
		3605664B2697EDF100E17D39 /* Project object */ = {
			isa = PBXProject;
			attributes = {
				LastSwiftUpdateCheck = 1240;
				LastUpgradeCheck = 1240;
				TargetAttributes = {
					360566522697EDF100E17D39 = {
						CreatedOnToolsVersion = 12.4;
					};
					360566682697EDF700E17D39 = {
						CreatedOnToolsVersion = 12.4;
						TestTargetID = 360566522697EDF100E17D39;
					};
					360566732697EDF700E17D39 = {
						CreatedOnToolsVersion = 12.4;
						TestTargetID = 360566522697EDF100E17D39;
					};
				};
			};
			buildConfigurationList = 3605664E2697EDF100E17D39 /* Build configuration list for PBXProject "EBC_Test" */;
			compatibilityVersion = "Xcode 9.3";
			developmentRegion = en;
			hasScannedForEncodings = 0;
			knownRegions = (
				en,
				Base,
			);
			mainGroup = 3605664A2697EDF100E17D39;
			productRefGroup = 360566542697EDF100E17D39 /* Products */;
			projectDirPath = "";
			projectRoot = "";
			targets = (
				360566522697EDF100E17D39 /* EBC_Test */,
				360566682697EDF700E17D39 /* EBC_TestTests */,
				360566732697EDF700E17D39 /* EBC_TestUITests */,
			);
		};
/* End PBXProject section */

/* Begin PBXResourcesBuildPhase section */
		360566512697EDF100E17D39 /* Resources */ = {
			isa = PBXResourcesBuildPhase;
			buildActionMask = 2147483647;
			files = (
				360566632697EDF700E17D39 /* LaunchScreen.storyboard in Resources */,
				360566602697EDF700E17D39 /* Assets.xcassets in Resources */,
			);
			runOnlyForDeploymentPostprocessing = 0;
		};
		360566672697EDF700E17D39 /* Resources */ = {
			isa = PBXResourcesBuildPhase;
			buildActionMask = 2147483647;
			files = (
			);
			runOnlyForDeploymentPostprocessing = 0;
		};
		360566722697EDF700E17D39 /* Resources */ = {
			isa = PBXResourcesBuildPhase;
			buildActionMask = 2147483647;
			files = (
			);
			runOnlyForDeploymentPostprocessing = 0;
		};
/* End PBXResourcesBuildPhase section */

/* Begin PBXShellScriptBuildPhase section */
		03BDE01D26955C01C15486E0 /* [CP] Check Pods Manifest.lock */ = {
			isa = PBXShellScriptBuildPhase;
			buildActionMask = 2147483647;
			files = (
			);
			inputFileListPaths = (
			);
			inputPaths = (
				"${PODS_PODFILE_DIR_PATH}/Podfile.lock",
				"${PODS_ROOT}/Manifest.lock",
			);
			name = "[CP] Check Pods Manifest.lock";
			outputFileListPaths = (
			);
			outputPaths = (
				"$(DERIVED_FILE_DIR)/Pods-EBC_TestTests-checkManifestLockResult.txt",
			);
			runOnlyForDeploymentPostprocessing = 0;
			shellPath = /bin/sh;
			shellScript = "diff \"${PODS_PODFILE_DIR_PATH}/Podfile.lock\" \"${PODS_ROOT}/Manifest.lock\" > /dev/null\nif [ $? != 0 ] ; then\n    # print error to STDERR\n    echo \"error: The sandbox is not in sync with the Podfile.lock. Run 'pod install' or update your CocoaPods installation.\" >&2\n    exit 1\nfi\n# This output is used by Xcode 'outputs' to avoid re-running this script phase.\necho \"SUCCESS\" > \"${SCRIPT_OUTPUT_FILE_0}\"\n";
			showEnvVarsInLog = 0;
		};
		1A3C06AEF050AA2278B6609C /* [CP] Embed Pods Frameworks */ = {
			isa = PBXShellScriptBuildPhase;
			buildActionMask = 2147483647;
			files = (
			);
			inputFileListPaths = (
				"${PODS_ROOT}/Target Support Files/Pods-EBC_Test-EBC_TestUITests/Pods-EBC_Test-EBC_TestUITests-frameworks-${CONFIGURATION}-input-files.xcfilelist",
			);
			name = "[CP] Embed Pods Frameworks";
			outputFileListPaths = (
				"${PODS_ROOT}/Target Support Files/Pods-EBC_Test-EBC_TestUITests/Pods-EBC_Test-EBC_TestUITests-frameworks-${CONFIGURATION}-output-files.xcfilelist",
			);
			runOnlyForDeploymentPostprocessing = 0;
			shellPath = /bin/sh;
			shellScript = "\"${PODS_ROOT}/Target Support Files/Pods-EBC_Test-EBC_TestUITests/Pods-EBC_Test-EBC_TestUITests-frameworks.sh\"\n";
			showEnvVarsInLog = 0;
		};
		37643D7C7C6EAE6E552C667B /* [CP] Check Pods Manifest.lock */ = {
			isa = PBXShellScriptBuildPhase;
			buildActionMask = 2147483647;
			files = (
			);
			inputFileListPaths = (
			);
			inputPaths = (
				"${PODS_PODFILE_DIR_PATH}/Podfile.lock",
				"${PODS_ROOT}/Manifest.lock",
			);
			name = "[CP] Check Pods Manifest.lock";
			outputFileListPaths = (
			);
			outputPaths = (
				"$(DERIVED_FILE_DIR)/Pods-EBC_Test-EBC_TestUITests-checkManifestLockResult.txt",
			);
			runOnlyForDeploymentPostprocessing = 0;
			shellPath = /bin/sh;
			shellScript = "diff \"${PODS_PODFILE_DIR_PATH}/Podfile.lock\" \"${PODS_ROOT}/Manifest.lock\" > /dev/null\nif [ $? != 0 ] ; then\n    # print error to STDERR\n    echo \"error: The sandbox is not in sync with the Podfile.lock. Run 'pod install' or update your CocoaPods installation.\" >&2\n    exit 1\nfi\n# This output is used by Xcode 'outputs' to avoid re-running this script phase.\necho \"SUCCESS\" > \"${SCRIPT_OUTPUT_FILE_0}\"\n";
			showEnvVarsInLog = 0;
		};
		56F6EC51DE6AE055F9BA7638 /* [CP] Check Pods Manifest.lock */ = {
			isa = PBXShellScriptBuildPhase;
			buildActionMask = 2147483647;
			files = (
			);
			inputFileListPaths = (
			);
			inputPaths = (
				"${PODS_PODFILE_DIR_PATH}/Podfile.lock",
				"${PODS_ROOT}/Manifest.lock",
			);
			name = "[CP] Check Pods Manifest.lock";
			outputFileListPaths = (
			);
			outputPaths = (
				"$(DERIVED_FILE_DIR)/Pods-EBC_Test-checkManifestLockResult.txt",
			);
			runOnlyForDeploymentPostprocessing = 0;
			shellPath = /bin/sh;
			shellScript = "diff \"${PODS_PODFILE_DIR_PATH}/Podfile.lock\" \"${PODS_ROOT}/Manifest.lock\" > /dev/null\nif [ $? != 0 ] ; then\n    # print error to STDERR\n    echo \"error: The sandbox is not in sync with the Podfile.lock. Run 'pod install' or update your CocoaPods installation.\" >&2\n    exit 1\nfi\n# This output is used by Xcode 'outputs' to avoid re-running this script phase.\necho \"SUCCESS\" > \"${SCRIPT_OUTPUT_FILE_0}\"\n";
			showEnvVarsInLog = 0;
		};
		E10B464D1916A106081945F6 /* [CP] Embed Pods Frameworks */ = {
			isa = PBXShellScriptBuildPhase;
			buildActionMask = 2147483647;
			files = (
			);
			inputFileListPaths = (
				"${PODS_ROOT}/Target Support Files/Pods-EBC_Test/Pods-EBC_Test-frameworks-${CONFIGURATION}-input-files.xcfilelist",
			);
			name = "[CP] Embed Pods Frameworks";
			outputFileListPaths = (
				"${PODS_ROOT}/Target Support Files/Pods-EBC_Test/Pods-EBC_Test-frameworks-${CONFIGURATION}-output-files.xcfilelist",
			);
			runOnlyForDeploymentPostprocessing = 0;
			shellPath = /bin/sh;
			shellScript = "\"${PODS_ROOT}/Target Support Files/Pods-EBC_Test/Pods-EBC_Test-frameworks.sh\"\n";
			showEnvVarsInLog = 0;
		};
/* End PBXShellScriptBuildPhase section */

/* Begin PBXSourcesBuildPhase section */
		3605664F2697EDF100E17D39 /* Sources */ = {
			isa = PBXSourcesBuildPhase;
			buildActionMask = 2147483647;
			files = (
				36CAC4712699C50000919123 /* ItunesEndPoint.swift in Sources */,
				3605665B2697EDF100E17D39 /* MainViewController.swift in Sources */,
				360566C82698239800E17D39 /* UICollectionView + Extension.swift in Sources */,
				36CAC4C4269ACCB300919123 /* ItunesService.swift in Sources */,
				360566A42698158300E17D39 /* MusicItunes.swift in Sources */,
				36CAC4672698371D00919123 /* MusicCell.swift in Sources */,
				360566B7269820A600E17D39 /* Declarative.swift in Sources */,
				36CAC4CC269ACD4C00919123 /* MusicListController.swift in Sources */,
				36CAC47F2699C63700919123 /* Configurations.swift in Sources */,
				36CAC4962699CA5600919123 /* MusicListViewModel.swift in Sources */,
				36B07F5C269BD35F00F2FB66 /* UIViewController + Extension.swift in Sources */,
				360566982698031C00E17D39 /* Observable.swift in Sources */,
				360566572697EDF100E17D39 /* AppDelegate.swift in Sources */,
				360566AD2698187D00E17D39 /* APIManager.swift in Sources */,
			);
			runOnlyForDeploymentPostprocessing = 0;
		};
		360566652697EDF700E17D39 /* Sources */ = {
			isa = PBXSourcesBuildPhase;
			buildActionMask = 2147483647;
			files = (
				36CAC4E1269BCAE400919123 /* MusicListControllerSpec.swift in Sources */,
				3605666E2697EDF700E17D39 /* EBC_TestTests.swift in Sources */,
				36CAC4E6269BCC4C00919123 /* MockItunesService.swift in Sources */,
			);
			runOnlyForDeploymentPostprocessing = 0;
		};
		360566702697EDF700E17D39 /* Sources */ = {
			isa = PBXSourcesBuildPhase;
			buildActionMask = 2147483647;
			files = (
				360566792697EDF700E17D39 /* EBC_TestUITests.swift in Sources */,
			);
			runOnlyForDeploymentPostprocessing = 0;
		};
/* End PBXSourcesBuildPhase section */

/* Begin PBXTargetDependency section */
		3605666B2697EDF700E17D39 /* PBXTargetDependency */ = {
			isa = PBXTargetDependency;
			target = 360566522697EDF100E17D39 /* EBC_Test */;
			targetProxy = 3605666A2697EDF700E17D39 /* PBXContainerItemProxy */;
		};
		360566762697EDF700E17D39 /* PBXTargetDependency */ = {
			isa = PBXTargetDependency;
			target = 360566522697EDF100E17D39 /* EBC_Test */;
			targetProxy = 360566752697EDF700E17D39 /* PBXContainerItemProxy */;
		};
/* End PBXTargetDependency section */

/* Begin PBXVariantGroup section */
		360566612697EDF700E17D39 /* LaunchScreen.storyboard */ = {
			isa = PBXVariantGroup;
			children = (
				360566622697EDF700E17D39 /* Base */,
			);
			name = LaunchScreen.storyboard;
			sourceTree = "<group>";
		};
/* End PBXVariantGroup section */

/* Begin XCBuildConfiguration section */
		3605667B2697EDF700E17D39 /* Debug */ = {
			isa = XCBuildConfiguration;
			buildSettings = {
				ALWAYS_SEARCH_USER_PATHS = NO;
				CLANG_ANALYZER_NONNULL = YES;
				CLANG_ANALYZER_NUMBER_OBJECT_CONVERSION = YES_AGGRESSIVE;
				CLANG_CXX_LANGUAGE_STANDARD = "gnu++14";
				CLANG_CXX_LIBRARY = "libc++";
				CLANG_ENABLE_MODULES = YES;
				CLANG_ENABLE_OBJC_ARC = YES;
				CLANG_ENABLE_OBJC_WEAK = YES;
				CLANG_WARN_BLOCK_CAPTURE_AUTORELEASING = YES;
				CLANG_WARN_BOOL_CONVERSION = YES;
				CLANG_WARN_COMMA = YES;
				CLANG_WARN_CONSTANT_CONVERSION = YES;
				CLANG_WARN_DEPRECATED_OBJC_IMPLEMENTATIONS = YES;
				CLANG_WARN_DIRECT_OBJC_ISA_USAGE = YES_ERROR;
				CLANG_WARN_DOCUMENTATION_COMMENTS = YES;
				CLANG_WARN_EMPTY_BODY = YES;
				CLANG_WARN_ENUM_CONVERSION = YES;
				CLANG_WARN_INFINITE_RECURSION = YES;
				CLANG_WARN_INT_CONVERSION = YES;
				CLANG_WARN_NON_LITERAL_NULL_CONVERSION = YES;
				CLANG_WARN_OBJC_IMPLICIT_RETAIN_SELF = YES;
				CLANG_WARN_OBJC_LITERAL_CONVERSION = YES;
				CLANG_WARN_OBJC_ROOT_CLASS = YES_ERROR;
				CLANG_WARN_QUOTED_INCLUDE_IN_FRAMEWORK_HEADER = YES;
				CLANG_WARN_RANGE_LOOP_ANALYSIS = YES;
				CLANG_WARN_STRICT_PROTOTYPES = YES;
				CLANG_WARN_SUSPICIOUS_MOVE = YES;
				CLANG_WARN_UNGUARDED_AVAILABILITY = YES_AGGRESSIVE;
				CLANG_WARN_UNREACHABLE_CODE = YES;
				CLANG_WARN__DUPLICATE_METHOD_MATCH = YES;
				COPY_PHASE_STRIP = NO;
				DEBUG_INFORMATION_FORMAT = dwarf;
				ENABLE_STRICT_OBJC_MSGSEND = YES;
				ENABLE_TESTABILITY = YES;
				GCC_C_LANGUAGE_STANDARD = gnu11;
				GCC_DYNAMIC_NO_PIC = NO;
				GCC_NO_COMMON_BLOCKS = YES;
				GCC_OPTIMIZATION_LEVEL = 0;
				GCC_PREPROCESSOR_DEFINITIONS = (
					"DEBUG=1",
					"$(inherited)",
				);
				GCC_WARN_64_TO_32_BIT_CONVERSION = YES;
				GCC_WARN_ABOUT_RETURN_TYPE = YES_ERROR;
				GCC_WARN_UNDECLARED_SELECTOR = YES;
				GCC_WARN_UNINITIALIZED_AUTOS = YES_AGGRESSIVE;
				GCC_WARN_UNUSED_FUNCTION = YES;
				GCC_WARN_UNUSED_VARIABLE = YES;
				IPHONEOS_DEPLOYMENT_TARGET = 14.4;
				MTL_ENABLE_DEBUG_INFO = INCLUDE_SOURCE;
				MTL_FAST_MATH = YES;
				ONLY_ACTIVE_ARCH = YES;
				SDKROOT = iphoneos;
				SWIFT_ACTIVE_COMPILATION_CONDITIONS = DEBUG;
				SWIFT_OPTIMIZATION_LEVEL = "-Onone";
			};
			name = Debug;
		};
		3605667C2697EDF700E17D39 /* Release */ = {
			isa = XCBuildConfiguration;
			buildSettings = {
				ALWAYS_SEARCH_USER_PATHS = NO;
				CLANG_ANALYZER_NONNULL = YES;
				CLANG_ANALYZER_NUMBER_OBJECT_CONVERSION = YES_AGGRESSIVE;
				CLANG_CXX_LANGUAGE_STANDARD = "gnu++14";
				CLANG_CXX_LIBRARY = "libc++";
				CLANG_ENABLE_MODULES = YES;
				CLANG_ENABLE_OBJC_ARC = YES;
				CLANG_ENABLE_OBJC_WEAK = YES;
				CLANG_WARN_BLOCK_CAPTURE_AUTORELEASING = YES;
				CLANG_WARN_BOOL_CONVERSION = YES;
				CLANG_WARN_COMMA = YES;
				CLANG_WARN_CONSTANT_CONVERSION = YES;
				CLANG_WARN_DEPRECATED_OBJC_IMPLEMENTATIONS = YES;
				CLANG_WARN_DIRECT_OBJC_ISA_USAGE = YES_ERROR;
				CLANG_WARN_DOCUMENTATION_COMMENTS = YES;
				CLANG_WARN_EMPTY_BODY = YES;
				CLANG_WARN_ENUM_CONVERSION = YES;
				CLANG_WARN_INFINITE_RECURSION = YES;
				CLANG_WARN_INT_CONVERSION = YES;
				CLANG_WARN_NON_LITERAL_NULL_CONVERSION = YES;
				CLANG_WARN_OBJC_IMPLICIT_RETAIN_SELF = YES;
				CLANG_WARN_OBJC_LITERAL_CONVERSION = YES;
				CLANG_WARN_OBJC_ROOT_CLASS = YES_ERROR;
				CLANG_WARN_QUOTED_INCLUDE_IN_FRAMEWORK_HEADER = YES;
				CLANG_WARN_RANGE_LOOP_ANALYSIS = YES;
				CLANG_WARN_STRICT_PROTOTYPES = YES;
				CLANG_WARN_SUSPICIOUS_MOVE = YES;
				CLANG_WARN_UNGUARDED_AVAILABILITY = YES_AGGRESSIVE;
				CLANG_WARN_UNREACHABLE_CODE = YES;
				CLANG_WARN__DUPLICATE_METHOD_MATCH = YES;
				COPY_PHASE_STRIP = NO;
				DEBUG_INFORMATION_FORMAT = "dwarf-with-dsym";
				ENABLE_NS_ASSERTIONS = NO;
				ENABLE_STRICT_OBJC_MSGSEND = YES;
				GCC_C_LANGUAGE_STANDARD = gnu11;
				GCC_NO_COMMON_BLOCKS = YES;
				GCC_WARN_64_TO_32_BIT_CONVERSION = YES;
				GCC_WARN_ABOUT_RETURN_TYPE = YES_ERROR;
				GCC_WARN_UNDECLARED_SELECTOR = YES;
				GCC_WARN_UNINITIALIZED_AUTOS = YES_AGGRESSIVE;
				GCC_WARN_UNUSED_FUNCTION = YES;
				GCC_WARN_UNUSED_VARIABLE = YES;
				IPHONEOS_DEPLOYMENT_TARGET = 14.4;
				MTL_ENABLE_DEBUG_INFO = NO;
				MTL_FAST_MATH = YES;
				SDKROOT = iphoneos;
				SWIFT_COMPILATION_MODE = wholemodule;
				SWIFT_OPTIMIZATION_LEVEL = "-O";
				VALIDATE_PRODUCT = YES;
			};
			name = Release;
		};
		3605667E2697EDF700E17D39 /* Debug */ = {
			isa = XCBuildConfiguration;
			baseConfigurationReference = 9154634878F249A2489333F7 /* Pods-EBC_Test.debug.xcconfig */;
			buildSettings = {
				ASSETCATALOG_COMPILER_APPICON_NAME = AppIcon;
				ASSETCATALOG_COMPILER_GLOBAL_ACCENT_COLOR_NAME = AccentColor;
				CODE_SIGN_STYLE = Automatic;
				DEVELOPMENT_TEAM = 8LL687CJ5D;
				INFOPLIST_FILE = EBC_Test/Info.plist;
				LD_RUNPATH_SEARCH_PATHS = (
					"$(inherited)",
					"@executable_path/Frameworks",
				);
				MARKETING_VERSION = 1.0.0;
				PRODUCT_BUNDLE_IDENTIFIER = "com.weiting.EBC-Test.EBC-Test";
				PRODUCT_NAME = "$(TARGET_NAME)";
				SWIFT_VERSION = 5.0;
				TARGETED_DEVICE_FAMILY = 1;
			};
			name = Debug;
		};
		3605667F2697EDF700E17D39 /* Release */ = {
			isa = XCBuildConfiguration;
			baseConfigurationReference = DFF1C20754D1BBD0D4AAB69E /* Pods-EBC_Test.release.xcconfig */;
			buildSettings = {
				ASSETCATALOG_COMPILER_APPICON_NAME = AppIcon;
				ASSETCATALOG_COMPILER_GLOBAL_ACCENT_COLOR_NAME = AccentColor;
				CODE_SIGN_STYLE = Automatic;
				DEVELOPMENT_TEAM = 8LL687CJ5D;
				INFOPLIST_FILE = EBC_Test/Info.plist;
				LD_RUNPATH_SEARCH_PATHS = (
					"$(inherited)",
					"@executable_path/Frameworks",
				);
				MARKETING_VERSION = 1.0.0;
				PRODUCT_BUNDLE_IDENTIFIER = "com.weiting.EBC-Test.EBC-Test";
				PRODUCT_NAME = "$(TARGET_NAME)";
				SWIFT_VERSION = 5.0;
				TARGETED_DEVICE_FAMILY = 1;
			};
			name = Release;
		};
		360566812697EDF700E17D39 /* Debug */ = {
			isa = XCBuildConfiguration;
			baseConfigurationReference = 9037BD2D8B619AE9115E232D /* Pods-EBC_TestTests.debug.xcconfig */;
			buildSettings = {
				ALWAYS_EMBED_SWIFT_STANDARD_LIBRARIES = YES;
				BUNDLE_LOADER = "$(TEST_HOST)";
				CODE_SIGN_STYLE = Automatic;
				DEVELOPMENT_TEAM = 8LL687CJ5D;
				INFOPLIST_FILE = EBC_TestTests/Info.plist;
				IPHONEOS_DEPLOYMENT_TARGET = 14.4;
				LD_RUNPATH_SEARCH_PATHS = (
					"$(inherited)",
					"@executable_path/Frameworks",
					"@loader_path/Frameworks",
				);
				PRODUCT_BUNDLE_IDENTIFIER = "com.weiting.EBC-Test.EBC-TestTests";
				PRODUCT_NAME = "$(TARGET_NAME)";
				SWIFT_VERSION = 5.0;
				TARGETED_DEVICE_FAMILY = "1,2";
				TEST_HOST = "$(BUILT_PRODUCTS_DIR)/EBC_Test.app/EBC_Test";
			};
			name = Debug;
		};
		360566822697EDF700E17D39 /* Release */ = {
			isa = XCBuildConfiguration;
			baseConfigurationReference = E992944C13CEBEAFA661761B /* Pods-EBC_TestTests.release.xcconfig */;
			buildSettings = {
				ALWAYS_EMBED_SWIFT_STANDARD_LIBRARIES = YES;
				BUNDLE_LOADER = "$(TEST_HOST)";
				CODE_SIGN_STYLE = Automatic;
				DEVELOPMENT_TEAM = 8LL687CJ5D;
				INFOPLIST_FILE = EBC_TestTests/Info.plist;
				IPHONEOS_DEPLOYMENT_TARGET = 14.4;
				LD_RUNPATH_SEARCH_PATHS = (
					"$(inherited)",
					"@executable_path/Frameworks",
					"@loader_path/Frameworks",
				);
				PRODUCT_BUNDLE_IDENTIFIER = "com.weiting.EBC-Test.EBC-TestTests";
				PRODUCT_NAME = "$(TARGET_NAME)";
				SWIFT_VERSION = 5.0;
				TARGETED_DEVICE_FAMILY = "1,2";
				TEST_HOST = "$(BUILT_PRODUCTS_DIR)/EBC_Test.app/EBC_Test";
			};
			name = Release;
		};
		360566842697EDF700E17D39 /* Debug */ = {
			isa = XCBuildConfiguration;
			baseConfigurationReference = CE5BC025A619F599805FD12D /* Pods-EBC_Test-EBC_TestUITests.debug.xcconfig */;
			buildSettings = {
				ALWAYS_EMBED_SWIFT_STANDARD_LIBRARIES = YES;
				CODE_SIGN_STYLE = Automatic;
				DEVELOPMENT_TEAM = 8LL687CJ5D;
				INFOPLIST_FILE = EBC_TestUITests/Info.plist;
				LD_RUNPATH_SEARCH_PATHS = (
					"$(inherited)",
					"@executable_path/Frameworks",
					"@loader_path/Frameworks",
				);
				PRODUCT_BUNDLE_IDENTIFIER = "com.weiting.EBC-Test.EBC-TestUITests";
				PRODUCT_NAME = "$(TARGET_NAME)";
				SWIFT_VERSION = 5.0;
				TARGETED_DEVICE_FAMILY = "1,2";
				TEST_TARGET_NAME = EBC_Test;
			};
			name = Debug;
		};
		360566852697EDF700E17D39 /* Release */ = {
			isa = XCBuildConfiguration;
			baseConfigurationReference = E8BF53DB5FF01AE305ADCD34 /* Pods-EBC_Test-EBC_TestUITests.release.xcconfig */;
			buildSettings = {
				ALWAYS_EMBED_SWIFT_STANDARD_LIBRARIES = YES;
				CODE_SIGN_STYLE = Automatic;
				DEVELOPMENT_TEAM = 8LL687CJ5D;
				INFOPLIST_FILE = EBC_TestUITests/Info.plist;
				LD_RUNPATH_SEARCH_PATHS = (
					"$(inherited)",
					"@executable_path/Frameworks",
					"@loader_path/Frameworks",
				);
				PRODUCT_BUNDLE_IDENTIFIER = "com.weiting.EBC-Test.EBC-TestUITests";
				PRODUCT_NAME = "$(TARGET_NAME)";
				SWIFT_VERSION = 5.0;
				TARGETED_DEVICE_FAMILY = "1,2";
				TEST_TARGET_NAME = EBC_Test;
			};
			name = Release;
		};
/* End XCBuildConfiguration section */

/* Begin XCConfigurationList section */
		3605664E2697EDF100E17D39 /* Build configuration list for PBXProject "EBC_Test" */ = {
			isa = XCConfigurationList;
			buildConfigurations = (
				3605667B2697EDF700E17D39 /* Debug */,
				3605667C2697EDF700E17D39 /* Release */,
			);
			defaultConfigurationIsVisible = 0;
			defaultConfigurationName = Release;
		};
		3605667D2697EDF700E17D39 /* Build configuration list for PBXNativeTarget "EBC_Test" */ = {
			isa = XCConfigurationList;
			buildConfigurations = (
				3605667E2697EDF700E17D39 /* Debug */,
				3605667F2697EDF700E17D39 /* Release */,
			);
			defaultConfigurationIsVisible = 0;
			defaultConfigurationName = Release;
		};
		360566802697EDF700E17D39 /* Build configuration list for PBXNativeTarget "EBC_TestTests" */ = {
			isa = XCConfigurationList;
			buildConfigurations = (
				360566812697EDF700E17D39 /* Debug */,
				360566822697EDF700E17D39 /* Release */,
			);
			defaultConfigurationIsVisible = 0;
			defaultConfigurationName = Release;
		};
		360566832697EDF700E17D39 /* Build configuration list for PBXNativeTarget "EBC_TestUITests" */ = {
			isa = XCConfigurationList;
			buildConfigurations = (
				360566842697EDF700E17D39 /* Debug */,
				360566852697EDF700E17D39 /* Release */,
			);
			defaultConfigurationIsVisible = 0;
			defaultConfigurationName = Release;
		};
/* End XCConfigurationList section */
	};
	rootObject = 3605664B2697EDF100E17D39 /* Project object */;
}
